
Microsoft Visual Studio Solution File, Format Version 12.00
# Visual Studio 15
VisualStudioVersion = 15.0.25807.0
MinimumVisualStudioVersion = 10.0.40219.1
Project("{2150E333-8FDC-42A3-9474-1A3956D46DE8}") = "Engine", "Engine", "{B6D90B73-98A6-4B24-AAB5-BFA1A5D1AE23}"
EndProject
Project("{2150E333-8FDC-42A3-9474-1A3956D46DE8}") = "Games", "Games", "{C454A9D8-0FE6-4086-824D-12CB028BDB0C}"
EndProject
Project("{8BC9CEB8-8B4A-11D0-8D11-00A0C91BC942}") = "UE4", "Intermediate\ProjectFiles\UE4.vcxproj", "{F7932442-36F7-4D8F-BD0D-8B38E8A3B99C}"
EndProject
Project("{8BC9CEB8-8B4A-11D0-8D11-00A0C91BC942}") = "BattleTank", "Intermediate\ProjectFiles\BattleTank.vcxproj", "{B23BA78C-34B3-48AF-A75F-FB853C1F385D}"
EndProject
Global
	GlobalSection(SolutionConfigurationPlatforms) = preSolution
		DebugGame Editor|HTML5 = DebugGame Editor|HTML5
		DebugGame Editor|Win32 = DebugGame Editor|Win32
		DebugGame Editor|Win64 = DebugGame Editor|Win64
		DebugGame|HTML5 = DebugGame|HTML5
		DebugGame|Win32 = DebugGame|Win32
		DebugGame|Win64 = DebugGame|Win64
		Development Editor|HTML5 = Development Editor|HTML5
		Development Editor|Win32 = Development Editor|Win32
		Development Editor|Win64 = Development Editor|Win64
		Development|HTML5 = Development|HTML5
		Development|Win32 = Development|Win32
		Development|Win64 = Development|Win64
		Shipping|HTML5 = Shipping|HTML5
		Shipping|Win32 = Shipping|Win32
		Shipping|Win64 = Shipping|Win64
	EndGlobalSection
	GlobalSection(ProjectConfigurationPlatforms) = postSolution
		{F7932442-36F7-4D8F-BD0D-8B38E8A3B99C}.DebugGame Editor|HTML5.ActiveCfg = BuiltWithUnrealBuildTool|Win32
		{F7932442-36F7-4D8F-BD0D-8B38E8A3B99C}.DebugGame Editor|HTML5.Build.0 = BuiltWithUnrealBuildTool|Win32
		{F7932442-36F7-4D8F-BD0D-8B38E8A3B99C}.DebugGame Editor|Win32.ActiveCfg = BuiltWithUnrealBuildTool|Win32
		{F7932442-36F7-4D8F-BD0D-8B38E8A3B99C}.DebugGame Editor|Win32.Build.0 = BuiltWithUnrealBuildTool|Win32
		{F7932442-36F7-4D8F-BD0D-8B38E8A3B99C}.DebugGame Editor|Win64.ActiveCfg = BuiltWithUnrealBuildTool|Win32
		{F7932442-36F7-4D8F-BD0D-8B38E8A3B99C}.DebugGame Editor|Win64.Build.0 = BuiltWithUnrealBuildTool|Win32
		{F7932442-36F7-4D8F-BD0D-8B38E8A3B99C}.DebugGame|HTML5.ActiveCfg = BuiltWithUnrealBuildTool|Win32
		{F7932442-36F7-4D8F-BD0D-8B38E8A3B99C}.DebugGame|HTML5.Build.0 = BuiltWithUnrealBuildTool|Win32
		{F7932442-36F7-4D8F-BD0D-8B38E8A3B99C}.DebugGame|Win32.ActiveCfg = BuiltWithUnrealBuildTool|Win32
		{F7932442-36F7-4D8F-BD0D-8B38E8A3B99C}.DebugGame|Win32.Build.0 = BuiltWithUnrealBuildTool|Win32
		{F7932442-36F7-4D8F-BD0D-8B38E8A3B99C}.DebugGame|Win64.ActiveCfg = BuiltWithUnrealBuildTool|Win32
		{F7932442-36F7-4D8F-BD0D-8B38E8A3B99C}.DebugGame|Win64.Build.0 = BuiltWithUnrealBuildTool|Win32
		{F7932442-36F7-4D8F-BD0D-8B38E8A3B99C}.Development Editor|HTML5.ActiveCfg = BuiltWithUnrealBuildTool|Win32
		{F7932442-36F7-4D8F-BD0D-8B38E8A3B99C}.Development Editor|HTML5.Build.0 = BuiltWithUnrealBuildTool|Win32
		{F7932442-36F7-4D8F-BD0D-8B38E8A3B99C}.Development Editor|Win32.ActiveCfg = BuiltWithUnrealBuildTool|Win32
		{F7932442-36F7-4D8F-BD0D-8B38E8A3B99C}.Development Editor|Win32.Build.0 = BuiltWithUnrealBuildTool|Win32
		{F7932442-36F7-4D8F-BD0D-8B38E8A3B99C}.Development Editor|Win64.ActiveCfg = BuiltWithUnrealBuildTool|Win32
		{F7932442-36F7-4D8F-BD0D-8B38E8A3B99C}.Development Editor|Win64.Build.0 = BuiltWithUnrealBuildTool|Win32
		{F7932442-36F7-4D8F-BD0D-8B38E8A3B99C}.Development|HTML5.ActiveCfg = BuiltWithUnrealBuildTool|Win32
		{F7932442-36F7-4D8F-BD0D-8B38E8A3B99C}.Development|HTML5.Build.0 = BuiltWithUnrealBuildTool|Win32
		{F7932442-36F7-4D8F-BD0D-8B38E8A3B99C}.Development|Win32.ActiveCfg = BuiltWithUnrealBuildTool|Win32
		{F7932442-36F7-4D8F-BD0D-8B38E8A3B99C}.Development|Win32.Build.0 = BuiltWithUnrealBuildTool|Win32
		{F7932442-36F7-4D8F-BD0D-8B38E8A3B99C}.Development|Win64.ActiveCfg = BuiltWithUnrealBuildTool|Win32
		{F7932442-36F7-4D8F-BD0D-8B38E8A3B99C}.Development|Win64.Build.0 = BuiltWithUnrealBuildTool|Win32
		{F7932442-36F7-4D8F-BD0D-8B38E8A3B99C}.Shipping|HTML5.ActiveCfg = BuiltWithUnrealBuildTool|Win32
		{F7932442-36F7-4D8F-BD0D-8B38E8A3B99C}.Shipping|HTML5.Build.0 = BuiltWithUnrealBuildTool|Win32
		{F7932442-36F7-4D8F-BD0D-8B38E8A3B99C}.Shipping|Win32.ActiveCfg = BuiltWithUnrealBuildTool|Win32
		{F7932442-36F7-4D8F-BD0D-8B38E8A3B99C}.Shipping|Win32.Build.0 = BuiltWithUnrealBuildTool|Win32
		{F7932442-36F7-4D8F-BD0D-8B38E8A3B99C}.Shipping|Win64.ActiveCfg = BuiltWithUnrealBuildTool|Win32
		{F7932442-36F7-4D8F-BD0D-8B38E8A3B99C}.Shipping|Win64.Build.0 = BuiltWithUnrealBuildTool|Win32
		{B23BA78C-34B3-48AF-A75F-FB853C1F385D}.DebugGame Editor|HTML5.ActiveCfg = HTML5_DebugGame_Editor|Win32
		{B23BA78C-34B3-48AF-A75F-FB853C1F385D}.DebugGame Editor|Win32.ActiveCfg = DebugGame_Editor|Win32
		{B23BA78C-34B3-48AF-A75F-FB853C1F385D}.DebugGame Editor|Win64.ActiveCfg = DebugGame_Editor|x64
		{B23BA78C-34B3-48AF-A75F-FB853C1F385D}.DebugGame Editor|Win64.Build.0 = DebugGame_Editor|x64
		{B23BA78C-34B3-48AF-A75F-FB853C1F385D}.DebugGame|HTML5.ActiveCfg = HTML5_DebugGame_Game|Win32
		{B23BA78C-34B3-48AF-A75F-FB853C1F385D}.DebugGame|HTML5.Build.0 = HTML5_DebugGame_Game|Win32
		{B23BA78C-34B3-48AF-A75F-FB853C1F385D}.DebugGame|Win32.ActiveCfg = DebugGame_Game|Win32
		{B23BA78C-34B3-48AF-A75F-FB853C1F385D}.DebugGame|Win32.Build.0 = DebugGame_Game|Win32
		{B23BA78C-34B3-48AF-A75F-FB853C1F385D}.DebugGame|Win64.ActiveCfg = DebugGame_Game|x64
		{B23BA78C-34B3-48AF-A75F-FB853C1F385D}.DebugGame|Win64.Build.0 = DebugGame_Game|x64
		{B23BA78C-34B3-48AF-A75F-FB853C1F385D}.Development Editor|HTML5.ActiveCfg = HTML5_Development_Editor|Win32
		{B23BA78C-34B3-48AF-A75F-FB853C1F385D}.Development Editor|Win32.ActiveCfg = Development_Editor|Win32
		{B23BA78C-34B3-48AF-A75F-FB853C1F385D}.Development Editor|Win64.ActiveCfg = Development_Editor|x64
		{B23BA78C-34B3-48AF-A75F-FB853C1F385D}.Development Editor|Win64.Build.0 = Development_Editor|x64
		{B23BA78C-34B3-48AF-A75F-FB853C1F385D}.Development|HTML5.ActiveCfg = HTML5_Development_Game|Win32
		{B23BA78C-34B3-48AF-A75F-FB853C1F385D}.Development|HTML5.Build.0 = HTML5_Development_Game|Win32
		{B23BA78C-34B3-48AF-A75F-FB853C1F385D}.Development|Win32.ActiveCfg = Development_Game|Win32
		{B23BA78C-34B3-48AF-A75F-FB853C1F385D}.Development|Win32.Build.0 = Development_Game|Win32
		{B23BA78C-34B3-48AF-A75F-FB853C1F385D}.Development|Win64.ActiveCfg = Development_Game|x64
		{B23BA78C-34B3-48AF-A75F-FB853C1F385D}.Development|Win64.Build.0 = Development_Game|x64
		{B23BA78C-34B3-48AF-A75F-FB853C1F385D}.Shipping|HTML5.ActiveCfg = HTML5_Shipping_Game|Win32
		{B23BA78C-34B3-48AF-A75F-FB853C1F385D}.Shipping|HTML5.Build.0 = HTML5_Shipping_Game|Win32
		{B23BA78C-34B3-48AF-A75F-FB853C1F385D}.Shipping|Win32.ActiveCfg = Shipping_Game|Win32
		{B23BA78C-34B3-48AF-A75F-FB853C1F385D}.Shipping|Win32.Build.0 = Shipping_Game|Win32
		{B23BA78C-34B3-48AF-A75F-FB853C1F385D}.Shipping|Win64.ActiveCfg = Shipping_Game|x64
		{B23BA78C-34B3-48AF-A75F-FB853C1F385D}.Shipping|Win64.Build.0 = Shipping_Game|x64
	EndGlobalSection
	GlobalSection(SolutionProperties) = preSolution
		HideSolutionNode = FALSE
	EndGlobalSection
	GlobalSection(NestedProjects) = preSolution
		{F7932442-36F7-4D8F-BD0D-8B38E8A3B99C} = {B6D90B73-98A6-4B24-AAB5-BFA1A5D1AE23}
		{B23BA78C-34B3-48AF-A75F-FB853C1F385D} = {C454A9D8-0FE6-4086-824D-12CB028BDB0C}
	EndGlobalSection
	GlobalSection(ExtensibilityGlobals) = postSolution
		SolutionGuid = {8A45B01C-3DE6-4619-A9ED-F7C0C076C1D8}
	EndGlobalSection
EndGlobal
